
Microsoft Visual Studio Solution File, Format Version 12.00
# Visual Studio Version 17
VisualStudioVersion = 17.14.36109.1
MinimumVisualStudioVersion = 10.0.40219.1
Project("{2150E333-8FDC-42A3-9474-1A3956D46DE8}") = "src", "src", "{02EA681E-C7D8-13C7-8484-4AC65E1B71E8}"
EndProject
Project("{FAE04EC0-301F-11D3-BF4B-00C04F79EFBC}") = "Refahi.Api", "src\Refahi.Api\Refahi.Api.csproj", "{73903170-EAD8-4E06-9E74-427F0A326E19}"
EndProject
Global
	GlobalSection(SolutionConfigurationPlatforms) = preSolution
		Debug|Any CPU = Debug|Any CPU
		Release|Any CPU = Release|Any CPU
	EndGlobalSection
	GlobalSection(ProjectConfigurationPlatforms) = postSolution
		{73903170-EAD8-4E06-9E74-427F0A326E19}.Debug|Any CPU.ActiveCfg = Debug|Any CPU
		{73903170-EAD8-4E06-9E74-427F0A326E19}.Debug|Any CPU.Build.0 = Debug|Any CPU
		{73903170-EAD8-4E06-9E74-427F0A326E19}.Release|Any CPU.ActiveCfg = Release|Any CPU
		{73903170-EAD8-4E06-9E74-427F0A326E19}.Release|Any CPU.Build.0 = Release|Any CPU
	EndGlobalSection
	GlobalSection(SolutionProperties) = preSolution
		HideSolutionNode = FALSE
	EndGlobalSection
	GlobalSection(NestedProjects) = preSolution
		{73903170-EAD8-4E06-9E74-427F0A326E19} = {02EA681E-C7D8-13C7-8484-4AC65E1B71E8}
	EndGlobalSection
	GlobalSection(ExtensibilityGlobals) = postSolution
		SolutionGuid = {A5F95667-558C-4E80-9CAD-7749E78CFEE9}
	EndGlobalSection
EndGlobal
